
Microsoft Visual Studio Solution File, Format Version 12.00
# Visual Studio Version 16
VisualStudioVersion = 16.0.31515.178
MinimumVisualStudioVersion = 10.0.40219.1
Project("{FAE04EC0-301F-11D3-BF4B-00C04F79EFBC}") = "Blacklinux", "Blacklinux.csproj", "{D3FFD85B-494D-4613-AEC9-FEABDF0E7013}"
EndProject
Global
	GlobalSection(SolutionConfigurationPlatforms) = preSolution
		Debug|Any CPU = Debug|Any CPU
		Release|Any CPU = Release|Any CPU
	EndGlobalSection
	GlobalSection(ProjectConfigurationPlatforms) = postSolution
		{D3FFD85B-494D-4613-AEC9-FEABDF0E7013}.Debug|Any CPU.ActiveCfg = Debug|Any CPU
		{D3FFD85B-494D-4613-AEC9-FEABDF0E7013}.Debug|Any CPU.Build.0 = Debug|Any CPU
		{D3FFD85B-494D-4613-AEC9-FEABDF0E7013}.Release|Any CPU.ActiveCfg = Release|Any CPU
		{D3FFD85B-494D-4613-AEC9-FEABDF0E7013}.Release|Any CPU.Build.0 = Release|Any CPU
	EndGlobalSection
	GlobalSection(SolutionProperties) = preSolution
		HideSolutionNode = FALSE
	EndGlobalSection
	GlobalSection(ExtensibilityGlobals) = postSolution
		SolutionGuid = {4BA8A804-F5A9-4292-9EE7-EEF13021E81D}
	EndGlobalSection
EndGlobal
